// !$*UTF8*$!
{
	archiveVersion = 1;
	classes = {
	};
	objectVersion = 46;
	objects = {

/* Begin PBXBuildFile section */
		6C11288516C5C8FC00B03318 /* SetPlayingCard.m in Sources */ = {isa = PBXBuildFile; fileRef = 6C11288416C5C8FC00B03318 /* SetPlayingCard.m */; };
		6C11288D16C943DB00B03318 /* SetPlayingCardDeck.m in Sources */ = {isa = PBXBuildFile; fileRef = 6C11288C16C943DB00B03318 /* SetPlayingCardDeck.m */; };
		6C1128A416C9686000B03318 /* SetCardGameViewController.m in Sources */ = {isa = PBXBuildFile; fileRef = 6C1128A316C9686000B03318 /* SetCardGameViewController.m */; };
		6C19DD2416B349250022332A /* UIKit.framework in Frameworks */ = {isa = PBXBuildFile; fileRef = 6C19DD2316B349250022332A /* UIKit.framework */; };
		6C19DD2616B349250022332A /* Foundation.framework in Frameworks */ = {isa = PBXBuildFile; fileRef = 6C19DD2516B349250022332A /* Foundation.framework */; };
		6C19DD2816B349250022332A /* CoreGraphics.framework in Frameworks */ = {isa = PBXBuildFile; fileRef = 6C19DD2716B349250022332A /* CoreGraphics.framework */; };
		6C19DD2E16B349250022332A /* InfoPlist.strings in Resources */ = {isa = PBXBuildFile; fileRef = 6C19DD2C16B349250022332A /* InfoPlist.strings */; };
		6C19DD3016B349250022332A /* main.m in Sources */ = {isa = PBXBuildFile; fileRef = 6C19DD2F16B349250022332A /* main.m */; };
		6C19DD3416B349250022332A /* CardGameAppDelegate.m in Sources */ = {isa = PBXBuildFile; fileRef = 6C19DD3316B349250022332A /* CardGameAppDelegate.m */; };
		6C19DD3616B349250022332A /* Default.png in Resources */ = {isa = PBXBuildFile; fileRef = 6C19DD3516B349250022332A /* Default.png */; };
		6C19DD3816B349250022332A /* Default@2x.png in Resources */ = {isa = PBXBuildFile; fileRef = 6C19DD3716B349250022332A /* Default@2x.png */; };
		6C19DD3A16B349250022332A /* Default-568h@2x.png in Resources */ = {isa = PBXBuildFile; fileRef = 6C19DD3916B349250022332A /* Default-568h@2x.png */; };
		6C19DD3D16B349250022332A /* MainStoryboard.storyboard in Resources */ = {isa = PBXBuildFile; fileRef = 6C19DD3B16B349250022332A /* MainStoryboard.storyboard */; };
		6C19DD4016B349250022332A /* CardGameViewController.m in Sources */ = {isa = PBXBuildFile; fileRef = 6C19DD3F16B349250022332A /* CardGameViewController.m */; };
		6C19DD4816B359CA0022332A /* Card.m in Sources */ = {isa = PBXBuildFile; fileRef = 6C19DD4716B359CA0022332A /* Card.m */; };
		6C19DD4B16B35A360022332A /* Deck.m in Sources */ = {isa = PBXBuildFile; fileRef = 6C19DD4A16B35A360022332A /* Deck.m */; };
		6C93228216BEE1AC0045433D /* CardMatching Game.m in Sources */ = {isa = PBXBuildFile; fileRef = 6C93228116BEE1AC0045433D /* CardMatching Game.m */; };
		6C9322AD16C1B95D0045433D /* greencardback.png in Resources */ = {isa = PBXBuildFile; fileRef = 6C9322AC16C1B95D0045433D /* greencardback.png */; };
		6C9322B016C1C5C50045433D /* redcardback.png in Resources */ = {isa = PBXBuildFile; fileRef = 6C9322AF16C1C5C50045433D /* redcardback.png */; };
		6C9322BB16C46D820045433D /* GameResultViewController.m in Sources */ = {isa = PBXBuildFile; fileRef = 6C9322BA16C46D820045433D /* GameResultViewController.m */; };
		6C9322BF16C473660045433D /* GameResult.m in Sources */ = {isa = PBXBuildFile; fileRef = 6C9322BE16C473660045433D /* GameResult.m */; };
		6CDBE88916B4472E0010522C /* PlayingCard.m in Sources */ = {isa = PBXBuildFile; fileRef = 6CDBE88816B4472E0010522C /* PlayingCard.m */; };
		6CDBE88D16B456A10010522C /* PlayingCardDeck.m in Sources */ = {isa = PBXBuildFile; fileRef = 6CDBE88C16B456A10010522C /* PlayingCardDeck.m */; };
		6CDBE89716B4B46F0010522C /* ReadMe in Resources */ = {isa = PBXBuildFile; fileRef = 6CDBE89616B4B46F0010522C /* ReadMe */; };
/* End PBXBuildFile section */

/* Begin PBXFileReference section */
		6C11288316C5C8FC00B03318 /* SetPlayingCard.h */ = {isa = PBXFileReference; fileEncoding = 4; lastKnownFileType = sourcecode.c.h; name = SetPlayingCard.h; path = Model/SetPlayingCard.h; sourceTree = "<group>"; };
		6C11288416C5C8FC00B03318 /* SetPlayingCard.m */ = {isa = PBXFileReference; fileEncoding = 4; lastKnownFileType = sourcecode.c.objc; name = SetPlayingCard.m; path = Model/SetPlayingCard.m; sourceTree = "<group>"; };
		6C11288B16C943DB00B03318 /* SetPlayingCardDeck.h */ = {isa = PBXFileReference; fileEncoding = 4; lastKnownFileType = sourcecode.c.h; name = SetPlayingCardDeck.h; path = Model/SetPlayingCardDeck.h; sourceTree = "<group>"; };
		6C11288C16C943DB00B03318 /* SetPlayingCardDeck.m */ = {isa = PBXFileReference; fileEncoding = 4; lastKnownFileType = sourcecode.c.objc; name = SetPlayingCardDeck.m; path = Model/SetPlayingCardDeck.m; sourceTree = "<group>"; };
		6C1128A216C9686000B03318 /* SetCardGameViewController.h */ = {isa = PBXFileReference; fileEncoding = 4; lastKnownFileType = sourcecode.c.h; path = SetCardGameViewController.h; sourceTree = "<group>"; };
		6C1128A316C9686000B03318 /* SetCardGameViewController.m */ = {isa = PBXFileReference; fileEncoding = 4; lastKnownFileType = sourcecode.c.objc; path = SetCardGameViewController.m; sourceTree = "<group>"; };
		6C19DD1F16B349250022332A /* Matchismo.app */ = {isa = PBXFileReference; explicitFileType = wrapper.application; includeInIndex = 0; path = Matchismo.app; sourceTree = BUILT_PRODUCTS_DIR; };
		6C19DD2316B349250022332A /* UIKit.framework */ = {isa = PBXFileReference; lastKnownFileType = wrapper.framework; name = UIKit.framework; path = System/Library/Frameworks/UIKit.framework; sourceTree = SDKROOT; };
		6C19DD2516B349250022332A /* Foundation.framework */ = {isa = PBXFileReference; lastKnownFileType = wrapper.framework; name = Foundation.framework; path = System/Library/Frameworks/Foundation.framework; sourceTree = SDKROOT; };
		6C19DD2716B349250022332A /* CoreGraphics.framework */ = {isa = PBXFileReference; lastKnownFileType = wrapper.framework; name = CoreGraphics.framework; path = System/Library/Frameworks/CoreGraphics.framework; sourceTree = SDKROOT; };
		6C19DD2B16B349250022332A /* Matchismo-Info.plist */ = {isa = PBXFileReference; lastKnownFileType = text.plist.xml; path = "Matchismo-Info.plist"; sourceTree = "<group>"; };
		6C19DD2D16B349250022332A /* en */ = {isa = PBXFileReference; lastKnownFileType = text.plist.strings; name = en; path = en.lproj/InfoPlist.strings; sourceTree = "<group>"; };
		6C19DD2F16B349250022332A /* main.m */ = {isa = PBXFileReference; lastKnownFileType = sourcecode.c.objc; path = main.m; sourceTree = "<group>"; };
		6C19DD3116B349250022332A /* Matchismo-Prefix.pch */ = {isa = PBXFileReference; lastKnownFileType = sourcecode.c.h; path = "Matchismo-Prefix.pch"; sourceTree = "<group>"; };
		6C19DD3216B349250022332A /* CardGameAppDelegate.h */ = {isa = PBXFileReference; lastKnownFileType = sourcecode.c.h; path = CardGameAppDelegate.h; sourceTree = "<group>"; };
		6C19DD3316B349250022332A /* CardGameAppDelegate.m */ = {isa = PBXFileReference; lastKnownFileType = sourcecode.c.objc; path = CardGameAppDelegate.m; sourceTree = "<group>"; };
		6C19DD3516B349250022332A /* Default.png */ = {isa = PBXFileReference; lastKnownFileType = image.png; path = Default.png; sourceTree = "<group>"; };
		6C19DD3716B349250022332A /* Default@2x.png */ = {isa = PBXFileReference; lastKnownFileType = image.png; path = "Default@2x.png"; sourceTree = "<group>"; };
		6C19DD3916B349250022332A /* Default-568h@2x.png */ = {isa = PBXFileReference; lastKnownFileType = image.png; path = "Default-568h@2x.png"; sourceTree = "<group>"; };
		6C19DD3C16B349250022332A /* en */ = {isa = PBXFileReference; lastKnownFileType = file.storyboard; name = en; path = en.lproj/MainStoryboard.storyboard; sourceTree = "<group>"; };
		6C19DD3E16B349250022332A /* CardGameViewController.h */ = {isa = PBXFileReference; lastKnownFileType = sourcecode.c.h; path = CardGameViewController.h; sourceTree = "<group>"; };
		6C19DD3F16B349250022332A /* CardGameViewController.m */ = {isa = PBXFileReference; lastKnownFileType = sourcecode.c.objc; path = CardGameViewController.m; sourceTree = "<group>"; };
		6C19DD4616B359CA0022332A /* Card.h */ = {isa = PBXFileReference; fileEncoding = 4; lastKnownFileType = sourcecode.c.h; name = Card.h; path = Model/Card.h; sourceTree = "<group>"; };
		6C19DD4716B359CA0022332A /* Card.m */ = {isa = PBXFileReference; fileEncoding = 4; lastKnownFileType = sourcecode.c.objc; name = Card.m; path = Model/Card.m; sourceTree = "<group>"; };
		6C19DD4916B35A360022332A /* Deck.h */ = {isa = PBXFileReference; fileEncoding = 4; lastKnownFileType = sourcecode.c.h; name = Deck.h; path = Model/Deck.h; sourceTree = "<group>"; };
		6C19DD4A16B35A360022332A /* Deck.m */ = {isa = PBXFileReference; fileEncoding = 4; lastKnownFileType = sourcecode.c.objc; name = Deck.m; path = Model/Deck.m; sourceTree = "<group>"; };
		6C93228016BEE1AC0045433D /* CardMatching Game.h */ = {isa = PBXFileReference; fileEncoding = 4; lastKnownFileType = sourcecode.c.h; name = "CardMatching Game.h"; path = "Model/CardMatching Game.h"; sourceTree = "<group>"; };
		6C93228116BEE1AC0045433D /* CardMatching Game.m */ = {isa = PBXFileReference; fileEncoding = 4; lastKnownFileType = sourcecode.c.objc; name = "CardMatching Game.m"; path = "Model/CardMatching Game.m"; sourceTree = "<group>"; };
		6C9322AC16C1B95D0045433D /* greencardback.png */ = {isa = PBXFileReference; lastKnownFileType = image.png; path = greencardback.png; sourceTree = "<group>"; };
		6C9322AF16C1C5C50045433D /* redcardback.png */ = {isa = PBXFileReference; lastKnownFileType = image.png; path = redcardback.png; sourceTree = "<group>"; };
		6C9322B916C46D820045433D /* GameResultViewController.h */ = {isa = PBXFileReference; fileEncoding = 4; lastKnownFileType = sourcecode.c.h; path = GameResultViewController.h; sourceTree = "<group>"; };
		6C9322BA16C46D820045433D /* GameResultViewController.m */ = {isa = PBXFileReference; fileEncoding = 4; lastKnownFileType = sourcecode.c.objc; path = GameResultViewController.m; sourceTree = "<group>"; };
		6C9322BD16C473660045433D /* GameResult.h */ = {isa = PBXFileReference; fileEncoding = 4; lastKnownFileType = sourcecode.c.h; path = GameResult.h; sourceTree = "<group>"; };
		6C9322BE16C473660045433D /* GameResult.m */ = {isa = PBXFileReference; fileEncoding = 4; lastKnownFileType = sourcecode.c.objc; path = GameResult.m; sourceTree = "<group>"; };
		6CDBE88716B4472E0010522C /* PlayingCard.h */ = {isa = PBXFileReference; fileEncoding = 4; lastKnownFileType = sourcecode.c.h; name = PlayingCard.h; path = Model/PlayingCard.h; sourceTree = "<group>"; };
		6CDBE88816B4472E0010522C /* PlayingCard.m */ = {isa = PBXFileReference; fileEncoding = 4; lastKnownFileType = sourcecode.c.objc; name = PlayingCard.m; path = Model/PlayingCard.m; sourceTree = "<group>"; };
		6CDBE88B16B456A10010522C /* PlayingCardDeck.h */ = {isa = PBXFileReference; fileEncoding = 4; lastKnownFileType = sourcecode.c.h; name = PlayingCardDeck.h; path = Model/PlayingCardDeck.h; sourceTree = "<group>"; };
		6CDBE88C16B456A10010522C /* PlayingCardDeck.m */ = {isa = PBXFileReference; fileEncoding = 4; lastKnownFileType = sourcecode.c.objc; name = PlayingCardDeck.m; path = Model/PlayingCardDeck.m; sourceTree = "<group>"; };
		6CDBE89616B4B46F0010522C /* ReadMe */ = {isa = PBXFileReference; fileEncoding = 4; lastKnownFileType = text; path = ReadMe; sourceTree = "<group>"; };
/* End PBXFileReference section */

/* Begin PBXFrameworksBuildPhase section */
		6C19DD1C16B349250022332A /* Frameworks */ = {
			isa = PBXFrameworksBuildPhase;
			buildActionMask = 2147483647;
			files = (
				6C19DD2416B349250022332A /* UIKit.framework in Frameworks */,
				6C19DD2616B349250022332A /* Foundation.framework in Frameworks */,
				6C19DD2816B349250022332A /* CoreGraphics.framework in Frameworks */,
			);
			runOnlyForDeploymentPostprocessing = 0;
		};
/* End PBXFrameworksBuildPhase section */

/* Begin PBXGroup section */
		6C1128A016C965A200B03318 /* View Controllers */ = {
			isa = PBXGroup;
			children = (
				6C9322B916C46D820045433D /* GameResultViewController.h */,
				6C9322BA16C46D820045433D /* GameResultViewController.m */,
				6C19DD3E16B349250022332A /* CardGameViewController.h */,
				6C19DD3F16B349250022332A /* CardGameViewController.m */,
				6C1128A216C9686000B03318 /* SetCardGameViewController.h */,
				6C1128A316C9686000B03318 /* SetCardGameViewController.m */,
			);
			name = "View Controllers";
			sourceTree = "<group>";
		};
		6C19DD1416B349250022332A = {
			isa = PBXGroup;
			children = (
				6C19DD2916B349250022332A /* Matchismo */,
				6C19DD2216B349250022332A /* Frameworks */,
				6C19DD2016B349250022332A /* Products */,
			);
			sourceTree = "<group>";
		};
		6C19DD2016B349250022332A /* Products */ = {
			isa = PBXGroup;
			children = (
				6C19DD1F16B349250022332A /* Matchismo.app */,
			);
			name = Products;
			sourceTree = "<group>";
		};
		6C19DD2216B349250022332A /* Frameworks */ = {
			isa = PBXGroup;
			children = (
				6C19DD2316B349250022332A /* UIKit.framework */,
				6C19DD2516B349250022332A /* Foundation.framework */,
				6C19DD2716B349250022332A /* CoreGraphics.framework */,
			);
			name = Frameworks;
			sourceTree = "<group>";
		};
		6C19DD2916B349250022332A /* Matchismo */ = {
			isa = PBXGroup;
			children = (
				6CDBE89616B4B46F0010522C /* ReadMe */,
				6C19DD3B16B349250022332A /* MainStoryboard.storyboard */,
				6C1128A016C965A200B03318 /* View Controllers */,
				6C19DD4C16B35A4D0022332A /* Model */,
				6C19DD2A16B349250022332A /* Supporting Files */,
			);
			path = Matchismo;
			sourceTree = "<group>";
		};
		6C19DD2A16B349250022332A /* Supporting Files */ = {
			isa = PBXGroup;
			children = (
				6C9322AF16C1C5C50045433D /* redcardback.png */,
				6C9322AC16C1B95D0045433D /* greencardback.png */,
				6C19DD3216B349250022332A /* CardGameAppDelegate.h */,
				6C19DD3316B349250022332A /* CardGameAppDelegate.m */,
				6C19DD2B16B349250022332A /* Matchismo-Info.plist */,
				6C19DD2C16B349250022332A /* InfoPlist.strings */,
				6C19DD2F16B349250022332A /* main.m */,
				6C19DD3116B349250022332A /* Matchismo-Prefix.pch */,
				6C19DD3516B349250022332A /* Default.png */,
				6C19DD3716B349250022332A /* Default@2x.png */,
				6C19DD3916B349250022332A /* Default-568h@2x.png */,
			);
			name = "Supporting Files";
			sourceTree = "<group>";
		};
		6C19DD4C16B35A4D0022332A /* Model */ = {
			isa = PBXGroup;
			children = (
				6C9322BD16C473660045433D /* GameResult.h */,
				6C9322BE16C473660045433D /* GameResult.m */,
				6C93228016BEE1AC0045433D /* CardMatching Game.h */,
				6C93228116BEE1AC0045433D /* CardMatching Game.m */,
				6C19DD4616B359CA0022332A /* Card.h */,
				6C19DD4716B359CA0022332A /* Card.m */,
				6C19DD4916B35A360022332A /* Deck.h */,
				6C19DD4A16B35A360022332A /* Deck.m */,
				6CDBE88716B4472E0010522C /* PlayingCard.h */,
				6CDBE88816B4472E0010522C /* PlayingCard.m */,
				6C11288316C5C8FC00B03318 /* SetPlayingCard.h */,
				6C11288416C5C8FC00B03318 /* SetPlayingCard.m */,
				6CDBE88B16B456A10010522C /* PlayingCardDeck.h */,
				6CDBE88C16B456A10010522C /* PlayingCardDeck.m */,
				6C11288B16C943DB00B03318 /* SetPlayingCardDeck.h */,
				6C11288C16C943DB00B03318 /* SetPlayingCardDeck.m */,
			);
			name = Model;
			sourceTree = "<group>";
		};
/* End PBXGroup section */

/* Begin PBXNativeTarget section */
		6C19DD1E16B349250022332A /* Matchismo */ = {
			isa = PBXNativeTarget;
			buildConfigurationList = 6C19DD4316B349250022332A /* Build configuration list for PBXNativeTarget "Matchismo" */;
			buildPhases = (
				6C19DD1B16B349250022332A /* Sources */,
				6C19DD1C16B349250022332A /* Frameworks */,
				6C19DD1D16B349250022332A /* Resources */,
			);
			buildRules = (
			);
			dependencies = (
			);
			name = Matchismo;
			productName = Matchismo;
			productReference = 6C19DD1F16B349250022332A /* Matchismo.app */;
			productType = "com.apple.product-type.application";
		};
/* End PBXNativeTarget section */

/* Begin PBXProject section */
		6C19DD1616B349250022332A /* Project object */ = {
			isa = PBXProject;
			attributes = {
				CLASSPREFIX = CardGame;
				LastUpgradeCheck = 0450;
				ORGANIZATIONNAME = "Stanford University";
			};
			buildConfigurationList = 6C19DD1916B349250022332A /* Build configuration list for PBXProject "Matchismo" */;
			compatibilityVersion = "Xcode 3.2";
			developmentRegion = English;
			hasScannedForEncodings = 0;
			knownRegions = (
				en,
			);
			mainGroup = 6C19DD1416B349250022332A;
			productRefGroup = 6C19DD2016B349250022332A /* Products */;
			projectDirPath = "";
			projectRoot = "";
			targets = (
				6C19DD1E16B349250022332A /* Matchismo */,
			);
		};
/* End PBXProject section */

/* Begin PBXResourcesBuildPhase section */
		6C19DD1D16B349250022332A /* Resources */ = {
			isa = PBXResourcesBuildPhase;
			buildActionMask = 2147483647;
			files = (
				6C19DD2E16B349250022332A /* InfoPlist.strings in Resources */,
				6C19DD3616B349250022332A /* Default.png in Resources */,
				6C19DD3816B349250022332A /* Default@2x.png in Resources */,
				6C19DD3A16B349250022332A /* Default-568h@2x.png in Resources */,
				6C19DD3D16B349250022332A /* MainStoryboard.storyboard in Resources */,
				6CDBE89716B4B46F0010522C /* ReadMe in Resources */,
				6C9322AD16C1B95D0045433D /* greencardback.png in Resources */,
				6C9322B016C1C5C50045433D /* redcardback.png in Resources */,
			);
			runOnlyForDeploymentPostprocessing = 0;
		};
/* End PBXResourcesBuildPhase section */

/* Begin PBXSourcesBuildPhase section */
		6C19DD1B16B349250022332A /* Sources */ = {
			isa = PBXSourcesBuildPhase;
			buildActionMask = 2147483647;
			files = (
				6C19DD3016B349250022332A /* main.m in Sources */,
				6C19DD3416B349250022332A /* CardGameAppDelegate.m in Sources */,
				6C19DD4016B349250022332A /* CardGameViewController.m in Sources */,
				6C19DD4816B359CA0022332A /* Card.m in Sources */,
				6C19DD4B16B35A360022332A /* Deck.m in Sources */,
				6CDBE88916B4472E0010522C /* PlayingCard.m in Sources */,
				6CDBE88D16B456A10010522C /* PlayingCardDeck.m in Sources */,
				6C93228216BEE1AC0045433D /* CardMatching Game.m in Sources */,
				6C9322BB16C46D820045433D /* GameResultViewController.m in Sources */,
				6C9322BF16C473660045433D /* GameResult.m in Sources */,
				6C11288516C5C8FC00B03318 /* SetPlayingCard.m in Sources */,
				6C11288D16C943DB00B03318 /* SetPlayingCardDeck.m in Sources */,
				6C1128A416C9686000B03318 /* SetCardGameViewController.m in Sources */,
			);
			runOnlyForDeploymentPostprocessing = 0;
		};
/* End PBXSourcesBuildPhase section */

/* Begin PBXVariantGroup section */
		6C19DD2C16B349250022332A /* InfoPlist.strings */ = {
			isa = PBXVariantGroup;
			children = (
				6C19DD2D16B349250022332A /* en */,
			);
			name = InfoPlist.strings;
			sourceTree = "<group>";
		};
		6C19DD3B16B349250022332A /* MainStoryboard.storyboard */ = {
			isa = PBXVariantGroup;
			children = (
				6C19DD3C16B349250022332A /* en */,
			);
			name = MainStoryboard.storyboard;
			sourceTree = "<group>";
		};
/* End PBXVariantGroup section */

/* Begin XCBuildConfiguration section */
		6C19DD4116B349250022332A /* Debug */ = {
			isa = XCBuildConfiguration;
			buildSettings = {
				ALWAYS_SEARCH_USER_PATHS = NO;
				CLANG_CXX_LANGUAGE_STANDARD = "gnu++0x";
				CLANG_CXX_LIBRARY = "libc++";
				CLANG_ENABLE_OBJC_ARC = YES;
				CLANG_WARN_EMPTY_BODY = YES;
				CLANG_WARN__DUPLICATE_METHOD_MATCH = YES;
				"CODE_SIGN_IDENTITY[sdk=iphoneos*]" = "iPhone Developer";
				COPY_PHASE_STRIP = NO;
				GCC_C_LANGUAGE_STANDARD = gnu99;
				GCC_DYNAMIC_NO_PIC = NO;
				GCC_OPTIMIZATION_LEVEL = 0;
				GCC_PREPROCESSOR_DEFINITIONS = (
					"DEBUG=1",
					"$(inherited)",
				);
				GCC_SYMBOLS_PRIVATE_EXTERN = NO;
				GCC_WARN_ABOUT_RETURN_TYPE = YES;
				GCC_WARN_UNINITIALIZED_AUTOS = YES;
				GCC_WARN_UNUSED_VARIABLE = YES;
				IPHONEOS_DEPLOYMENT_TARGET = 6.0;
				ONLY_ACTIVE_ARCH = YES;
				SDKROOT = iphoneos;
			};
			name = Debug;
		};
		6C19DD4216B349250022332A /* Release */ = {
			isa = XCBuildConfiguration;
			buildSettings = {
				ALWAYS_SEARCH_USER_PATHS = NO;
				CLANG_CXX_LANGUAGE_STANDARD = "gnu++0x";
				CLANG_CXX_LIBRARY = "libc++";
				CLANG_ENABLE_OBJC_ARC = YES;
				CLANG_WARN_EMPTY_BODY = YES;
				CLANG_WARN__DUPLICATE_METHOD_MATCH = YES;
				"CODE_SIGN_IDENTITY[sdk=iphoneos*]" = "iPhone Developer";
				COPY_PHASE_STRIP = YES;
				GCC_C_LANGUAGE_STANDARD = gnu99;
				GCC_WARN_ABOUT_RETURN_TYPE = YES;
				GCC_WARN_UNINITIALIZED_AUTOS = YES;
				GCC_WARN_UNUSED_VARIABLE = YES;
				IPHONEOS_DEPLOYMENT_TARGET = 6.0;
				OTHER_CFLAGS = "-DNS_BLOCK_ASSERTIONS=1";
				SDKROOT = iphoneos;
				VALIDATE_PRODUCT = YES;
			};
			name = Release;
		};
		6C19DD4416B349250022332A /* Debug */ = {
			isa = XCBuildConfiguration;
			buildSettings = {
				GCC_PRECOMPILE_PREFIX_HEADER = YES;
				GCC_PREFIX_HEADER = "Matchismo/Matchismo-Prefix.pch";
				INFOPLIST_FILE = "Matchismo/Matchismo-Info.plist";
				PRODUCT_NAME = "$(TARGET_NAME)";
				WRAPPER_EXTENSION = app;
			};
			name = Debug;
		};
		6C19DD4516B349250022332A /* Release */ = {
			isa = XCBuildConfiguration;
			buildSettings = {
				GCC_PRECOMPILE_PREFIX_HEADER = YES;
				GCC_PREFIX_HEADER = "Matchismo/Matchismo-Prefix.pch";
				INFOPLIST_FILE = "Matchismo/Matchismo-Info.plist";
				PRODUCT_NAME = "$(TARGET_NAME)";
				WRAPPER_EXTENSION = app;
			};
			name = Release;
		};
/* End XCBuildConfiguration section */

/* Begin XCConfigurationList section */
		6C19DD1916B349250022332A /* Build configuration list for PBXProject "Matchismo" */ = {
			isa = XCConfigurationList;
			buildConfigurations = (
				6C19DD4116B349250022332A /* Debug */,
				6C19DD4216B349250022332A /* Release */,
			);
			defaultConfigurationIsVisible = 0;
			defaultConfigurationName = Release;
		};
		6C19DD4316B349250022332A /* Build configuration list for PBXNativeTarget "Matchismo" */ = {
			isa = XCConfigurationList;
			buildConfigurations = (
				6C19DD4416B349250022332A /* Debug */,
				6C19DD4516B349250022332A /* Release */,
			);
			defaultConfigurationIsVisible = 0;
			defaultConfigurationName = Release;
		};
/* End XCConfigurationList section */
	};
	rootObject = 6C19DD1616B349250022332A /* Project object */;
}
